
Microsoft Visual Studio Solution File, Format Version 12.00
# Visual Studio Version 16
VisualStudioVersion = 16.0.34601.136
MinimumVisualStudioVersion = 10.0.40219.1
Project("{8BC9CEB8-8B4A-11D0-8D11-00A0C91BC942}") = "HeladeriaDescuentoMembresia", "HeladeriaDescuentoMembresia\HeladeriaDescuentoMembresia.vcxproj", "{1BC01E5B-23FB-42B9-951D-FA24F368120A}"
EndProject
Global
	GlobalSection(SolutionConfigurationPlatforms) = preSolution
		Debug|x64 = Debug|x64
		Debug|x86 = Debug|x86
		Release|x64 = Release|x64
		Release|x86 = Release|x86
	EndGlobalSection
	GlobalSection(ProjectConfigurationPlatforms) = postSolution
		{1BC01E5B-23FB-42B9-951D-FA24F368120A}.Debug|x64.ActiveCfg = Debug|x64
		{1BC01E5B-23FB-42B9-951D-FA24F368120A}.Debug|x64.Build.0 = Debug|x64
		{1BC01E5B-23FB-42B9-951D-FA24F368120A}.Debug|x86.ActiveCfg = Debug|Win32
		{1BC01E5B-23FB-42B9-951D-FA24F368120A}.Debug|x86.Build.0 = Debug|Win32
		{1BC01E5B-23FB-42B9-951D-FA24F368120A}.Release|x64.ActiveCfg = Release|x64
		{1BC01E5B-23FB-42B9-951D-FA24F368120A}.Release|x64.Build.0 = Release|x64
		{1BC01E5B-23FB-42B9-951D-FA24F368120A}.Release|x86.ActiveCfg = Release|Win32
		{1BC01E5B-23FB-42B9-951D-FA24F368120A}.Release|x86.Build.0 = Release|Win32
	EndGlobalSection
	GlobalSection(SolutionProperties) = preSolution
		HideSolutionNode = FALSE
	EndGlobalSection
	GlobalSection(ExtensibilityGlobals) = postSolution
		SolutionGuid = {98BCD16B-9143-4DA9-94F2-49FA7B866A3C}
	EndGlobalSection
EndGlobal
